
Microsoft Visual Studio Solution File, Format Version 12.00
# Visual Studio Version 16
VisualStudioVersion = 16.0.30717.126
MinimumVisualStudioVersion = 10.0.40219.1
Project("{9A19103F-16F7-4668-BE54-9A1E7A4F7556}") = "ShopInventory", "ShopBridgeInventory\ShopInventory.csproj", "{AEC4D7B1-5CF3-4E11-81EF-A8296C517C54}"
EndProject
Project("{9A19103F-16F7-4668-BE54-9A1E7A4F7556}") = "ShopInventoryTest", "ShopBridgeInventoryTest\ShopInventoryTest.csproj", "{B8225E70-2414-4E60-9091-73EF064C4E57}"
EndProject
Global
	GlobalSection(SolutionConfigurationPlatforms) = preSolution
		Debug|Any CPU = Debug|Any CPU
		Release|Any CPU = Release|Any CPU
	EndGlobalSection
	GlobalSection(ProjectConfigurationPlatforms) = postSolution
		{AEC4D7B1-5CF3-4E11-81EF-A8296C517C54}.Debug|Any CPU.ActiveCfg = Debug|Any CPU
		{AEC4D7B1-5CF3-4E11-81EF-A8296C517C54}.Debug|Any CPU.Build.0 = Debug|Any CPU
		{AEC4D7B1-5CF3-4E11-81EF-A8296C517C54}.Release|Any CPU.ActiveCfg = Release|Any CPU
		{AEC4D7B1-5CF3-4E11-81EF-A8296C517C54}.Release|Any CPU.Build.0 = Release|Any CPU
		{B8225E70-2414-4E60-9091-73EF064C4E57}.Debug|Any CPU.ActiveCfg = Debug|Any CPU
		{B8225E70-2414-4E60-9091-73EF064C4E57}.Debug|Any CPU.Build.0 = Debug|Any CPU
		{B8225E70-2414-4E60-9091-73EF064C4E57}.Release|Any CPU.ActiveCfg = Release|Any CPU
		{B8225E70-2414-4E60-9091-73EF064C4E57}.Release|Any CPU.Build.0 = Release|Any CPU
	EndGlobalSection
	GlobalSection(SolutionProperties) = preSolution
		HideSolutionNode = FALSE
	EndGlobalSection
	GlobalSection(ExtensibilityGlobals) = postSolution
		SolutionGuid = {1CC9AA7D-95CB-4277-B7DB-DFC324126B38}
	EndGlobalSection
EndGlobal
